
Microsoft Visual Studio Solution File, Format Version 12.00
# Visual Studio 15
VisualStudioVersion = 15.0.28307.271
MinimumVisualStudioVersion = 10.0.40219.1
Project("{9A19103F-16F7-4668-BE54-9A1E7A4F7556}") = "LVT", "LVT\LVT.csproj", "{90BA64F2-001D-47FE-A70B-03241072126C}"
EndProject
Project("{9A19103F-16F7-4668-BE54-9A1E7A4F7556}") = "LVT.Console.Tests", "LVT.Console.Tests\LVT.Console.Tests.csproj", "{314E3B5D-5B66-4A57-AA56-A03AD724BE41}"
EndProject
Project("{9A19103F-16F7-4668-BE54-9A1E7A4F7556}") = "LVT.Services.Tests", "LVT.Services.Tests\LVT.Services.Tests.csproj", "{5C047541-1EDF-499E-8BC9-32C4CC7A4D88}"
EndProject
Global
	GlobalSection(SolutionConfigurationPlatforms) = preSolution
		Debug|Any CPU = Debug|Any CPU
		Release|Any CPU = Release|Any CPU
	EndGlobalSection
	GlobalSection(ProjectConfigurationPlatforms) = postSolution
		{90BA64F2-001D-47FE-A70B-03241072126C}.Debug|Any CPU.ActiveCfg = Debug|Any CPU
		{90BA64F2-001D-47FE-A70B-03241072126C}.Debug|Any CPU.Build.0 = Debug|Any CPU
		{90BA64F2-001D-47FE-A70B-03241072126C}.Release|Any CPU.ActiveCfg = Release|Any CPU
		{90BA64F2-001D-47FE-A70B-03241072126C}.Release|Any CPU.Build.0 = Release|Any CPU
		{314E3B5D-5B66-4A57-AA56-A03AD724BE41}.Debug|Any CPU.ActiveCfg = Debug|Any CPU
		{314E3B5D-5B66-4A57-AA56-A03AD724BE41}.Debug|Any CPU.Build.0 = Debug|Any CPU
		{314E3B5D-5B66-4A57-AA56-A03AD724BE41}.Release|Any CPU.ActiveCfg = Release|Any CPU
		{314E3B5D-5B66-4A57-AA56-A03AD724BE41}.Release|Any CPU.Build.0 = Release|Any CPU
		{5C047541-1EDF-499E-8BC9-32C4CC7A4D88}.Debug|Any CPU.ActiveCfg = Debug|Any CPU
		{5C047541-1EDF-499E-8BC9-32C4CC7A4D88}.Debug|Any CPU.Build.0 = Debug|Any CPU
		{5C047541-1EDF-499E-8BC9-32C4CC7A4D88}.Release|Any CPU.ActiveCfg = Release|Any CPU
		{5C047541-1EDF-499E-8BC9-32C4CC7A4D88}.Release|Any CPU.Build.0 = Release|Any CPU
	EndGlobalSection
	GlobalSection(SolutionProperties) = preSolution
		HideSolutionNode = FALSE
	EndGlobalSection
	GlobalSection(ExtensibilityGlobals) = postSolution
		SolutionGuid = {FC9E216F-65CC-4862-B698-233E482DC1F5}
	EndGlobalSection
EndGlobal
